// !$*UTF8*$!
{
	archiveVersion = 1;
	classes = {
	};
	objectVersion = 56;
	objects = {

/* Begin PBXBuildFile section */
		C41DF7152B5BE77E000E3748 /* BottomSheet in Frameworks */ = {isa = PBXBuildFile; productRef = C41DF7142B5BE77E000E3748 /* BottomSheet */; };
		C41DF7172B5CC5E4000E3748 /* BottomSheet in Frameworks */ = {isa = PBXBuildFile; productRef = C41DF7162B5CC5E4000E3748 /* BottomSheet */; };
		C465B0C72B58AD3A00094AE9 /* TabBar.swift in Sources */ = {isa = PBXBuildFile; fileRef = C465B0C62B58AD3A00094AE9 /* TabBar.swift */; };
		C47050BA2B56175C002531EB /* Weather_SwiftUIApp.swift in Sources */ = {isa = PBXBuildFile; fileRef = C47050B92B56175C002531EB /* Weather_SwiftUIApp.swift */; };
		C47050BC2B56175C002531EB /* ContentView.swift in Sources */ = {isa = PBXBuildFile; fileRef = C47050BB2B56175C002531EB /* ContentView.swift */; };
		C47050BE2B56175C002531EB /* Assets.xcassets in Resources */ = {isa = PBXBuildFile; fileRef = C47050BD2B56175C002531EB /* Assets.xcassets */; };
		C47050C12B56175C002531EB /* Preview Assets.xcassets in Resources */ = {isa = PBXBuildFile; fileRef = C47050C02B56175C002531EB /* Preview Assets.xcassets */; };
		C4734E1A2B582BB900E54C7A /* Extensions.swift in Sources */ = {isa = PBXBuildFile; fileRef = C4734E192B582BB900E54C7A /* Extensions.swift */; };
		C4734E1C2B582EE100E54C7A /* HomeView.swift in Sources */ = {isa = PBXBuildFile; fileRef = C4734E1B2B582EE100E54C7A /* HomeView.swift */; };
		C4ACDB9E2B5CC81D0029C00C /* ForecastView.swift in Sources */ = {isa = PBXBuildFile; fileRef = C4ACDB9D2B5CC81D0029C00C /* ForecastView.swift */; };
		C4ACDBA02B5D40300029C00C /* Blur.swift in Sources */ = {isa = PBXBuildFile; fileRef = C4ACDB9F2B5D40300029C00C /* Blur.swift */; };
		C4ACDBA22B5D611E0029C00C /* SegmentedControl.swift in Sources */ = {isa = PBXBuildFile; fileRef = C4ACDBA12B5D611E0029C00C /* SegmentedControl.swift */; };
		C4B79CD02B5A02AD002B8CD2 /* Shapes.swift in Sources */ = {isa = PBXBuildFile; fileRef = C4B79CCF2B5A02AD002B8CD2 /* Shapes.swift */; };
/* End PBXBuildFile section */

/* Begin PBXFileReference section */
		C465B0C62B58AD3A00094AE9 /* TabBar.swift */ = {isa = PBXFileReference; lastKnownFileType = sourcecode.swift; path = TabBar.swift; sourceTree = "<group>"; };
		C47050B62B56175C002531EB /* Weather-SwiftUI.app */ = {isa = PBXFileReference; explicitFileType = wrapper.application; includeInIndex = 0; path = "Weather-SwiftUI.app"; sourceTree = BUILT_PRODUCTS_DIR; };
		C47050B92B56175C002531EB /* Weather_SwiftUIApp.swift */ = {isa = PBXFileReference; lastKnownFileType = sourcecode.swift; path = Weather_SwiftUIApp.swift; sourceTree = "<group>"; };
		C47050BB2B56175C002531EB /* ContentView.swift */ = {isa = PBXFileReference; lastKnownFileType = sourcecode.swift; path = ContentView.swift; sourceTree = "<group>"; };
		C47050BD2B56175C002531EB /* Assets.xcassets */ = {isa = PBXFileReference; lastKnownFileType = folder.assetcatalog; path = Assets.xcassets; sourceTree = "<group>"; };
		C47050C02B56175C002531EB /* Preview Assets.xcassets */ = {isa = PBXFileReference; lastKnownFileType = folder.assetcatalog; path = "Preview Assets.xcassets"; sourceTree = "<group>"; };
		C4734E192B582BB900E54C7A /* Extensions.swift */ = {isa = PBXFileReference; lastKnownFileType = sourcecode.swift; path = Extensions.swift; sourceTree = "<group>"; };
		C4734E1B2B582EE100E54C7A /* HomeView.swift */ = {isa = PBXFileReference; lastKnownFileType = sourcecode.swift; path = HomeView.swift; sourceTree = "<group>"; };
		C4ACDB9D2B5CC81D0029C00C /* ForecastView.swift */ = {isa = PBXFileReference; lastKnownFileType = sourcecode.swift; path = ForecastView.swift; sourceTree = "<group>"; };
		C4ACDB9F2B5D40300029C00C /* Blur.swift */ = {isa = PBXFileReference; lastKnownFileType = sourcecode.swift; path = Blur.swift; sourceTree = "<group>"; };
		C4ACDBA12B5D611E0029C00C /* SegmentedControl.swift */ = {isa = PBXFileReference; lastKnownFileType = sourcecode.swift; path = SegmentedControl.swift; sourceTree = "<group>"; };
		C4B79CCF2B5A02AD002B8CD2 /* Shapes.swift */ = {isa = PBXFileReference; lastKnownFileType = sourcecode.swift; path = Shapes.swift; sourceTree = "<group>"; };
/* End PBXFileReference section */

/* Begin PBXFrameworksBuildPhase section */
		C47050B32B56175C002531EB /* Frameworks */ = {
			isa = PBXFrameworksBuildPhase;
			buildActionMask = 2147483647;
			files = (
				C41DF7152B5BE77E000E3748 /* BottomSheet in Frameworks */,
				C41DF7172B5CC5E4000E3748 /* BottomSheet in Frameworks */,
			);
			runOnlyForDeploymentPostprocessing = 0;
		};
/* End PBXFrameworksBuildPhase section */

/* Begin PBXGroup section */
		C47050AD2B56175C002531EB = {
			isa = PBXGroup;
			children = (
				C47050B82B56175C002531EB /* Weather-SwiftUI */,
				C47050B72B56175C002531EB /* Products */,
			);
			sourceTree = "<group>";
		};
		C47050B72B56175C002531EB /* Products */ = {
			isa = PBXGroup;
			children = (
				C47050B62B56175C002531EB /* Weather-SwiftUI.app */,
			);
			name = Products;
			sourceTree = "<group>";
		};
		C47050B82B56175C002531EB /* Weather-SwiftUI */ = {
			isa = PBXGroup;
			children = (
				C47050B92B56175C002531EB /* Weather_SwiftUIApp.swift */,
				C4734E122B582A3B00E54C7A /* Views */,
				C4734E132B582A4A00E54C7A /* Models */,
				C4734E142B582A5400E54C7A /* Utils */,
				C47050BD2B56175C002531EB /* Assets.xcassets */,
				C47050BF2B56175C002531EB /* Preview Content */,
			);
			path = "Weather-SwiftUI";
			sourceTree = "<group>";
		};
		C47050BF2B56175C002531EB /* Preview Content */ = {
			isa = PBXGroup;
			children = (
				C47050C02B56175C002531EB /* Preview Assets.xcassets */,
			);
			path = "Preview Content";
			sourceTree = "<group>";
		};
		C4734E122B582A3B00E54C7A /* Views */ = {
			isa = PBXGroup;
			children = (
				C4734E152B582A7700E54C7A /* Main */,
				C4734E162B582A8100E54C7A /* Navigation */,
				C4734E172B582A8900E54C7A /* Detail */,
				C4734E182B582A9100E54C7A /* Components */,
			);
			path = Views;
			sourceTree = "<group>";
		};
		C4734E132B582A4A00E54C7A /* Models */ = {
			isa = PBXGroup;
			children = (
			);
			path = Models;
			sourceTree = "<group>";
		};
		C4734E142B582A5400E54C7A /* Utils */ = {
			isa = PBXGroup;
			children = (
				C4734E192B582BB900E54C7A /* Extensions.swift */,
				C4B79CCF2B5A02AD002B8CD2 /* Shapes.swift */,
			);
			path = Utils;
			sourceTree = "<group>";
		};
		C4734E152B582A7700E54C7A /* Main */ = {
			isa = PBXGroup;
			children = (
				C47050BB2B56175C002531EB /* ContentView.swift */,
				C4734E1B2B582EE100E54C7A /* HomeView.swift */,
			);
			path = Main;
			sourceTree = "<group>";
		};
		C4734E162B582A8100E54C7A /* Navigation */ = {
			isa = PBXGroup;
			children = (
				C465B0C62B58AD3A00094AE9 /* TabBar.swift */,
			);
			path = Navigation;
			sourceTree = "<group>";
		};
		C4734E172B582A8900E54C7A /* Detail */ = {
			isa = PBXGroup;
			children = (
				C4ACDB9D2B5CC81D0029C00C /* ForecastView.swift */,
			);
			path = Detail;
			sourceTree = "<group>";
		};
		C4734E182B582A9100E54C7A /* Components */ = {
			isa = PBXGroup;
			children = (
				C4ACDB9F2B5D40300029C00C /* Blur.swift */,
				C4ACDBA12B5D611E0029C00C /* SegmentedControl.swift */,
			);
			path = Components;
			sourceTree = "<group>";
		};
/* End PBXGroup section */

/* Begin PBXNativeTarget section */
		C47050B52B56175C002531EB /* Weather-SwiftUI */ = {
			isa = PBXNativeTarget;
			buildConfigurationList = C47050C42B56175C002531EB /* Build configuration list for PBXNativeTarget "Weather-SwiftUI" */;
			buildPhases = (
				C47050B22B56175C002531EB /* Sources */,
				C47050B32B56175C002531EB /* Frameworks */,
				C47050B42B56175C002531EB /* Resources */,
			);
			buildRules = (
			);
			dependencies = (
			);
			name = "Weather-SwiftUI";
			packageProductDependencies = (
				C41DF7142B5BE77E000E3748 /* BottomSheet */,
				C41DF7162B5CC5E4000E3748 /* BottomSheet */,
			);
			productName = "Weather-SwiftUI";
			productReference = C47050B62B56175C002531EB /* Weather-SwiftUI.app */;
			productType = "com.apple.product-type.application";
		};
/* End PBXNativeTarget section */

/* Begin PBXProject section */
		C47050AE2B56175C002531EB /* Project object */ = {
			isa = PBXProject;
			attributes = {
				BuildIndependentTargetsInParallel = 1;
				LastSwiftUpdateCheck = 1510;
				LastUpgradeCheck = 1510;
				TargetAttributes = {
					C47050B52B56175C002531EB = {
						CreatedOnToolsVersion = 15.1;
					};
				};
			};
			buildConfigurationList = C47050B12B56175C002531EB /* Build configuration list for PBXProject "Weather-SwiftUI" */;
			compatibilityVersion = "Xcode 14.0";
			developmentRegion = en;
			hasScannedForEncodings = 0;
			knownRegions = (
				en,
				Base,
			);
			mainGroup = C47050AD2B56175C002531EB;
			packageReferences = (
				C41DF7132B5BE77E000E3748 /* XCRemoteSwiftPackageReference "BottomSheet" */,
			);
			productRefGroup = C47050B72B56175C002531EB /* Products */;
			projectDirPath = "";
			projectRoot = "";
			targets = (
				C47050B52B56175C002531EB /* Weather-SwiftUI */,
			);
		};
/* End PBXProject section */

/* Begin PBXResourcesBuildPhase section */
		C47050B42B56175C002531EB /* Resources */ = {
			isa = PBXResourcesBuildPhase;
			buildActionMask = 2147483647;
			files = (
				C47050C12B56175C002531EB /* Preview Assets.xcassets in Resources */,
				C47050BE2B56175C002531EB /* Assets.xcassets in Resources */,
			);
			runOnlyForDeploymentPostprocessing = 0;
		};
/* End PBXResourcesBuildPhase section */

/* Begin PBXSourcesBuildPhase section */
		C47050B22B56175C002531EB /* Sources */ = {
			isa = PBXSourcesBuildPhase;
			buildActionMask = 2147483647;
			files = (
				C47050BC2B56175C002531EB /* ContentView.swift in Sources */,
				C4ACDBA22B5D611E0029C00C /* SegmentedControl.swift in Sources */,
				C4734E1C2B582EE100E54C7A /* HomeView.swift in Sources */,
				C4ACDBA02B5D40300029C00C /* Blur.swift in Sources */,
				C4734E1A2B582BB900E54C7A /* Extensions.swift in Sources */,
				C47050BA2B56175C002531EB /* Weather_SwiftUIApp.swift in Sources */,
				C4ACDB9E2B5CC81D0029C00C /* ForecastView.swift in Sources */,
				C465B0C72B58AD3A00094AE9 /* TabBar.swift in Sources */,
				C4B79CD02B5A02AD002B8CD2 /* Shapes.swift in Sources */,
			);
			runOnlyForDeploymentPostprocessing = 0;
		};
/* End PBXSourcesBuildPhase section */

/* Begin XCBuildConfiguration section */
		C47050C22B56175C002531EB /* Debug */ = {
			isa = XCBuildConfiguration;
			buildSettings = {
				ALWAYS_SEARCH_USER_PATHS = NO;
				ASSETCATALOG_COMPILER_GENERATE_SWIFT_ASSET_SYMBOL_EXTENSIONS = YES;
				CLANG_ANALYZER_NONNULL = YES;
				CLANG_ANALYZER_NUMBER_OBJECT_CONVERSION = YES_AGGRESSIVE;
				CLANG_CXX_LANGUAGE_STANDARD = "gnu++20";
				CLANG_ENABLE_MODULES = YES;
				CLANG_ENABLE_OBJC_ARC = YES;
				CLANG_ENABLE_OBJC_WEAK = YES;
				CLANG_WARN_BLOCK_CAPTURE_AUTORELEASING = YES;
				CLANG_WARN_BOOL_CONVERSION = YES;
				CLANG_WARN_COMMA = YES;
				CLANG_WARN_CONSTANT_CONVERSION = YES;
				CLANG_WARN_DEPRECATED_OBJC_IMPLEMENTATIONS = YES;
				CLANG_WARN_DIRECT_OBJC_ISA_USAGE = YES_ERROR;
				CLANG_WARN_DOCUMENTATION_COMMENTS = YES;
				CLANG_WARN_EMPTY_BODY = YES;
				CLANG_WARN_ENUM_CONVERSION = YES;
				CLANG_WARN_INFINITE_RECURSION = YES;
				CLANG_WARN_INT_CONVERSION = YES;
				CLANG_WARN_NON_LITERAL_NULL_CONVERSION = YES;
				CLANG_WARN_OBJC_IMPLICIT_RETAIN_SELF = YES;
				CLANG_WARN_OBJC_LITERAL_CONVERSION = YES;
				CLANG_WARN_OBJC_ROOT_CLASS = YES_ERROR;
				CLANG_WARN_QUOTED_INCLUDE_IN_FRAMEWORK_HEADER = YES;
				CLANG_WARN_RANGE_LOOP_ANALYSIS = YES;
				CLANG_WARN_STRICT_PROTOTYPES = YES;
				CLANG_WARN_SUSPICIOUS_MOVE = YES;
				CLANG_WARN_UNGUARDED_AVAILABILITY = YES_AGGRESSIVE;
				CLANG_WARN_UNREACHABLE_CODE = YES;
				CLANG_WARN__DUPLICATE_METHOD_MATCH = YES;
				COPY_PHASE_STRIP = NO;
				DEBUG_INFORMATION_FORMAT = dwarf;
				ENABLE_STRICT_OBJC_MSGSEND = YES;
				ENABLE_TESTABILITY = YES;
				ENABLE_USER_SCRIPT_SANDBOXING = YES;
				GCC_C_LANGUAGE_STANDARD = gnu17;
				GCC_DYNAMIC_NO_PIC = NO;
				GCC_NO_COMMON_BLOCKS = YES;
				GCC_OPTIMIZATION_LEVEL = 0;
				GCC_PREPROCESSOR_DEFINITIONS = (
					"DEBUG=1",
					"$(inherited)",
				);
				GCC_WARN_64_TO_32_BIT_CONVERSION = YES;
				GCC_WARN_ABOUT_RETURN_TYPE = YES_ERROR;
				GCC_WARN_UNDECLARED_SELECTOR = YES;
				GCC_WARN_UNINITIALIZED_AUTOS = YES_AGGRESSIVE;
				GCC_WARN_UNUSED_FUNCTION = YES;
				GCC_WARN_UNUSED_VARIABLE = YES;
				IPHONEOS_DEPLOYMENT_TARGET = 17.2;
				LOCALIZATION_PREFERS_STRING_CATALOGS = YES;
				MTL_ENABLE_DEBUG_INFO = INCLUDE_SOURCE;
				MTL_FAST_MATH = YES;
				ONLY_ACTIVE_ARCH = YES;
				SDKROOT = iphoneos;
				SWIFT_ACTIVE_COMPILATION_CONDITIONS = "DEBUG $(inherited)";
				SWIFT_OPTIMIZATION_LEVEL = "-Onone";
			};
			name = Debug;
		};
		C47050C32B56175C002531EB /* Release */ = {
			isa = XCBuildConfiguration;
			buildSettings = {
				ALWAYS_SEARCH_USER_PATHS = NO;
				ASSETCATALOG_COMPILER_GENERATE_SWIFT_ASSET_SYMBOL_EXTENSIONS = YES;
				CLANG_ANALYZER_NONNULL = YES;
				CLANG_ANALYZER_NUMBER_OBJECT_CONVERSION = YES_AGGRESSIVE;
				CLANG_CXX_LANGUAGE_STANDARD = "gnu++20";
				CLANG_ENABLE_MODULES = YES;
				CLANG_ENABLE_OBJC_ARC = YES;
				CLANG_ENABLE_OBJC_WEAK = YES;
				CLANG_WARN_BLOCK_CAPTURE_AUTORELEASING = YES;
				CLANG_WARN_BOOL_CONVERSION = YES;
				CLANG_WARN_COMMA = YES;
				CLANG_WARN_CONSTANT_CONVERSION = YES;
				CLANG_WARN_DEPRECATED_OBJC_IMPLEMENTATIONS = YES;
				CLANG_WARN_DIRECT_OBJC_ISA_USAGE = YES_ERROR;
				CLANG_WARN_DOCUMENTATION_COMMENTS = YES;
				CLANG_WARN_EMPTY_BODY = YES;
				CLANG_WARN_ENUM_CONVERSION = YES;
				CLANG_WARN_INFINITE_RECURSION = YES;
				CLANG_WARN_INT_CONVERSION = YES;
				CLANG_WARN_NON_LITERAL_NULL_CONVERSION = YES;
				CLANG_WARN_OBJC_IMPLICIT_RETAIN_SELF = YES;
				CLANG_WARN_OBJC_LITERAL_CONVERSION = YES;
				CLANG_WARN_OBJC_ROOT_CLASS = YES_ERROR;
				CLANG_WARN_QUOTED_INCLUDE_IN_FRAMEWORK_HEADER = YES;
				CLANG_WARN_RANGE_LOOP_ANALYSIS = YES;
				CLANG_WARN_STRICT_PROTOTYPES = YES;
				CLANG_WARN_SUSPICIOUS_MOVE = YES;
				CLANG_WARN_UNGUARDED_AVAILABILITY = YES_AGGRESSIVE;
				CLANG_WARN_UNREACHABLE_CODE = YES;
				CLANG_WARN__DUPLICATE_METHOD_MATCH = YES;
				COPY_PHASE_STRIP = NO;
				DEBUG_INFORMATION_FORMAT = "dwarf-with-dsym";
				ENABLE_NS_ASSERTIONS = NO;
				ENABLE_STRICT_OBJC_MSGSEND = YES;
				ENABLE_USER_SCRIPT_SANDBOXING = YES;
				GCC_C_LANGUAGE_STANDARD = gnu17;
				GCC_NO_COMMON_BLOCKS = YES;
				GCC_WARN_64_TO_32_BIT_CONVERSION = YES;
				GCC_WARN_ABOUT_RETURN_TYPE = YES_ERROR;
				GCC_WARN_UNDECLARED_SELECTOR = YES;
				GCC_WARN_UNINITIALIZED_AUTOS = YES_AGGRESSIVE;
				GCC_WARN_UNUSED_FUNCTION = YES;
				GCC_WARN_UNUSED_VARIABLE = YES;
				IPHONEOS_DEPLOYMENT_TARGET = 17.2;
				LOCALIZATION_PREFERS_STRING_CATALOGS = YES;
				MTL_ENABLE_DEBUG_INFO = NO;
				MTL_FAST_MATH = YES;
				SDKROOT = iphoneos;
				SWIFT_COMPILATION_MODE = wholemodule;
				VALIDATE_PRODUCT = YES;
			};
			name = Release;
		};
		C47050C52B56175C002531EB /* Debug */ = {
			isa = XCBuildConfiguration;
			buildSettings = {
				ASSETCATALOG_COMPILER_APPICON_NAME = AppIcon;
				ASSETCATALOG_COMPILER_GLOBAL_ACCENT_COLOR_NAME = AccentColor;
				CODE_SIGN_STYLE = Automatic;
				CURRENT_PROJECT_VERSION = 1;
				DEVELOPMENT_ASSET_PATHS = "\"Weather-SwiftUI/Preview Content\"";
				DEVELOPMENT_TEAM = U2P47YSBTF;
				ENABLE_PREVIEWS = YES;
				GENERATE_INFOPLIST_FILE = YES;
				INFOPLIST_KEY_UIApplicationSceneManifest_Generation = YES;
				INFOPLIST_KEY_UIApplicationSupportsIndirectInputEvents = YES;
				INFOPLIST_KEY_UILaunchScreen_Generation = YES;
				INFOPLIST_KEY_UISupportedInterfaceOrientations_iPad = "UIInterfaceOrientationPortrait UIInterfaceOrientationPortraitUpsideDown UIInterfaceOrientationLandscapeLeft UIInterfaceOrientationLandscapeRight";
				INFOPLIST_KEY_UISupportedInterfaceOrientations_iPhone = "UIInterfaceOrientationPortrait UIInterfaceOrientationLandscapeLeft UIInterfaceOrientationLandscapeRight";
				LD_RUNPATH_SEARCH_PATHS = (
					"$(inherited)",
					"@executable_path/Frameworks",
				);
				MARKETING_VERSION = 1.0;
				PRODUCT_BUNDLE_IDENTIFIER = "com.akshayashokcode.Weather-SwiftUI";
				PRODUCT_NAME = "$(TARGET_NAME)";
				SWIFT_EMIT_LOC_STRINGS = YES;
				SWIFT_VERSION = 5.0;
				TARGETED_DEVICE_FAMILY = "1,2";
			};
			name = Debug;
		};
		C47050C62B56175C002531EB /* Release */ = {
			isa = XCBuildConfiguration;
			buildSettings = {
				ASSETCATALOG_COMPILER_APPICON_NAME = AppIcon;
				ASSETCATALOG_COMPILER_GLOBAL_ACCENT_COLOR_NAME = AccentColor;
				CODE_SIGN_STYLE = Automatic;
				CURRENT_PROJECT_VERSION = 1;
				DEVELOPMENT_ASSET_PATHS = "\"Weather-SwiftUI/Preview Content\"";
				DEVELOPMENT_TEAM = U2P47YSBTF;
				ENABLE_PREVIEWS = YES;
				GENERATE_INFOPLIST_FILE = YES;
				INFOPLIST_KEY_UIApplicationSceneManifest_Generation = YES;
				INFOPLIST_KEY_UIApplicationSupportsIndirectInputEvents = YES;
				INFOPLIST_KEY_UILaunchScreen_Generation = YES;
				INFOPLIST_KEY_UISupportedInterfaceOrientations_iPad = "UIInterfaceOrientationPortrait UIInterfaceOrientationPortraitUpsideDown UIInterfaceOrientationLandscapeLeft UIInterfaceOrientationLandscapeRight";
				INFOPLIST_KEY_UISupportedInterfaceOrientations_iPhone = "UIInterfaceOrientationPortrait UIInterfaceOrientationLandscapeLeft UIInterfaceOrientationLandscapeRight";
				LD_RUNPATH_SEARCH_PATHS = (
					"$(inherited)",
					"@executable_path/Frameworks",
				);
				MARKETING_VERSION = 1.0;
				PRODUCT_BUNDLE_IDENTIFIER = "com.akshayashokcode.Weather-SwiftUI";
				PRODUCT_NAME = "$(TARGET_NAME)";
				SWIFT_EMIT_LOC_STRINGS = YES;
				SWIFT_VERSION = 5.0;
				TARGETED_DEVICE_FAMILY = "1,2";
			};
			name = Release;
		};
/* End XCBuildConfiguration section */

/* Begin XCConfigurationList section */
		C47050B12B56175C002531EB /* Build configuration list for PBXProject "Weather-SwiftUI" */ = {
			isa = XCConfigurationList;
			buildConfigurations = (
				C47050C22B56175C002531EB /* Debug */,
				C47050C32B56175C002531EB /* Release */,
			);
			defaultConfigurationIsVisible = 0;
			defaultConfigurationName = Release;
		};
		C47050C42B56175C002531EB /* Build configuration list for PBXNativeTarget "Weather-SwiftUI" */ = {
			isa = XCConfigurationList;
			buildConfigurations = (
				C47050C52B56175C002531EB /* Debug */,
				C47050C62B56175C002531EB /* Release */,
			);
			defaultConfigurationIsVisible = 0;
			defaultConfigurationName = Release;
		};
/* End XCConfigurationList section */

/* Begin XCRemoteSwiftPackageReference section */
		C41DF7132B5BE77E000E3748 /* XCRemoteSwiftPackageReference "BottomSheet" */ = {
			isa = XCRemoteSwiftPackageReference;
			repositoryURL = "https://github.com/Wouter125/BottomSheet";
			requirement = {
				kind = exactVersion;
				version = 1.4.5;
			};
		};
/* End XCRemoteSwiftPackageReference section */

/* Begin XCSwiftPackageProductDependency section */
		C41DF7142B5BE77E000E3748 /* BottomSheet */ = {
			isa = XCSwiftPackageProductDependency;
			package = C41DF7132B5BE77E000E3748 /* XCRemoteSwiftPackageReference "BottomSheet" */;
			productName = BottomSheet;
		};
		C41DF7162B5CC5E4000E3748 /* BottomSheet */ = {
			isa = XCSwiftPackageProductDependency;
			package = C41DF7132B5BE77E000E3748 /* XCRemoteSwiftPackageReference "BottomSheet" */;
			productName = BottomSheet;
		};
/* End XCSwiftPackageProductDependency section */
	};
	rootObject = C47050AE2B56175C002531EB /* Project object */;
}
